
Microsoft Visual Studio Solution File, Format Version 12.00
# Visual Studio Version 16
VisualStudioVersion = 16.0.30204.135
MinimumVisualStudioVersion = 10.0.40219.1
Project("{FAE04EC0-301F-11D3-BF4B-00C04F79EFBC}") = "ebXML", "ebXML\ebXML.csproj", "{D9831B0E-831C-4EA1-A3AC-14DCEF0C9CD0}"
EndProject
Global
	GlobalSection(SolutionConfigurationPlatforms) = preSolution
		Debug|Any CPU = Debug|Any CPU
		Release|Any CPU = Release|Any CPU
	EndGlobalSection
	GlobalSection(ProjectConfigurationPlatforms) = postSolution
		{D9831B0E-831C-4EA1-A3AC-14DCEF0C9CD0}.Debug|Any CPU.ActiveCfg = Debug|Any CPU
		{D9831B0E-831C-4EA1-A3AC-14DCEF0C9CD0}.Debug|Any CPU.Build.0 = Debug|Any CPU
		{D9831B0E-831C-4EA1-A3AC-14DCEF0C9CD0}.Release|Any CPU.ActiveCfg = Release|Any CPU
		{D9831B0E-831C-4EA1-A3AC-14DCEF0C9CD0}.Release|Any CPU.Build.0 = Release|Any CPU
	EndGlobalSection
	GlobalSection(SolutionProperties) = preSolution
		HideSolutionNode = FALSE
	EndGlobalSection
	GlobalSection(ExtensibilityGlobals) = postSolution
		SolutionGuid = {466EF941-6FEC-4FB2-AD96-EB61C01FE5E6}
	EndGlobalSection
EndGlobal
